
Microsoft Visual Studio Solution File, Format Version 12.00
# Visual Studio 15
VisualStudioVersion = 15.0.28307.705
MinimumVisualStudioVersion = 10.0.40219.1
Project("{FAE04EC0-301F-11D3-BF4B-00C04F79EFBC}") = "Extra.vMixSnapshots", "Extra.vMixSnapshots\Extra.vMixSnapshots.csproj", "{4607A4C0-93E8-49EF-B3D1-5EF35319142A}"
EndProject
Project("{FAE04EC0-301F-11D3-BF4B-00C04F79EFBC}") = "Extra.vMixApi", "Extra.vMixApi\Extra.vMixApi.csproj", "{D17BA8E8-14C9-4FDE-A4DE-CDEB749DC473}"
EndProject
Global
	GlobalSection(SolutionConfigurationPlatforms) = preSolution
		Debug|Any CPU = Debug|Any CPU
		Release|Any CPU = Release|Any CPU
	EndGlobalSection
	GlobalSection(ProjectConfigurationPlatforms) = postSolution
		{4607A4C0-93E8-49EF-B3D1-5EF35319142A}.Debug|Any CPU.ActiveCfg = Debug|Any CPU
		{4607A4C0-93E8-49EF-B3D1-5EF35319142A}.Debug|Any CPU.Build.0 = Debug|Any CPU
		{4607A4C0-93E8-49EF-B3D1-5EF35319142A}.Release|Any CPU.ActiveCfg = Release|Any CPU
		{4607A4C0-93E8-49EF-B3D1-5EF35319142A}.Release|Any CPU.Build.0 = Release|Any CPU
		{D17BA8E8-14C9-4FDE-A4DE-CDEB749DC473}.Debug|Any CPU.ActiveCfg = Debug|Any CPU
		{D17BA8E8-14C9-4FDE-A4DE-CDEB749DC473}.Debug|Any CPU.Build.0 = Debug|Any CPU
		{D17BA8E8-14C9-4FDE-A4DE-CDEB749DC473}.Release|Any CPU.ActiveCfg = Release|Any CPU
		{D17BA8E8-14C9-4FDE-A4DE-CDEB749DC473}.Release|Any CPU.Build.0 = Release|Any CPU
	EndGlobalSection
	GlobalSection(SolutionProperties) = preSolution
		HideSolutionNode = FALSE
	EndGlobalSection
	GlobalSection(ExtensibilityGlobals) = postSolution
		SolutionGuid = {C1A570F8-517D-4905-BFE7-83513B7CFF54}
	EndGlobalSection
EndGlobal
